dependencies:
- name: postgresql
  repository: https://charts.bitnami.com/bitnami
  version: 14.0.5
- name: common
  repository: https://charts.bitnami.com/bitnami
  version: 2.15.1
digest: sha256:2fffe23413d9f6723e8053c5ddcce1a65990785b654c8695a4f09802738ca3c7
generated: "2024-02-14T14:44:01.4913286+01:00"
