dependencies:
- name: postgresql
  repository: https://charts.bitnami.com/bitnami
  version: 13.4.3
- name: common
  repository: https://charts.bitnami.com/bitnami
  version: 2.0.4
digest: sha256:ed1e6ed6860a2f1a8b4de48ef0b53e7492bec1851a189fa96e00988119117787
generated: "2024-01-30T14:21:04.7288287+01:00"
